
Microsoft Visual Studio Solution File, Format Version 12.00
# Visual Studio Version 17
VisualStudioVersion = 17.7.34024.191
MinimumVisualStudioVersion = 10.0.40219.1
Project("{FAE04EC0-301F-11D3-BF4B-00C04F79EFBC}") = "EagleRock_EagleBot", "EagleRock_EagleBot\EagleRock_EagleBot.csproj", "{8CE08308-C2D6-483D-ACB9-5F1FBB6EEDC8}"
EndProject
Project("{9A19103F-16F7-4668-BE54-9A1E7A4F7556}") = "EagleRock_EagleBot.Tests", "EagleRock_EagleBot.Tests\EagleRock_EagleBot.Tests.csproj", "{53E9C474-5FA5-4056-8076-1617BCD54C93}"
EndProject
Global
	GlobalSection(SolutionConfigurationPlatforms) = preSolution
		Debug|Any CPU = Debug|Any CPU
		Release|Any CPU = Release|Any CPU
	EndGlobalSection
	GlobalSection(ProjectConfigurationPlatforms) = postSolution
		{8CE08308-C2D6-483D-ACB9-5F1FBB6EEDC8}.Debug|Any CPU.ActiveCfg = Debug|Any CPU
		{8CE08308-C2D6-483D-ACB9-5F1FBB6EEDC8}.Debug|Any CPU.Build.0 = Debug|Any CPU
		{8CE08308-C2D6-483D-ACB9-5F1FBB6EEDC8}.Release|Any CPU.ActiveCfg = Release|Any CPU
		{8CE08308-C2D6-483D-ACB9-5F1FBB6EEDC8}.Release|Any CPU.Build.0 = Release|Any CPU
		{53E9C474-5FA5-4056-8076-1617BCD54C93}.Debug|Any CPU.ActiveCfg = Debug|Any CPU
		{53E9C474-5FA5-4056-8076-1617BCD54C93}.Debug|Any CPU.Build.0 = Debug|Any CPU
		{53E9C474-5FA5-4056-8076-1617BCD54C93}.Release|Any CPU.ActiveCfg = Release|Any CPU
		{53E9C474-5FA5-4056-8076-1617BCD54C93}.Release|Any CPU.Build.0 = Release|Any CPU
	EndGlobalSection
	GlobalSection(SolutionProperties) = preSolution
		HideSolutionNode = FALSE
	EndGlobalSection
	GlobalSection(ExtensibilityGlobals) = postSolution
		SolutionGuid = {5CBD8F4C-7341-498D-815F-A865E82A722C}
	EndGlobalSection
EndGlobal
